
Microsoft Visual Studio Solution File, Format Version 12.00
# Visual Studio 15
VisualStudioVersion = 15.0.28307.106
MinimumVisualStudioVersion = 10.0.40219.1
Project("{FAE04EC0-301F-11D3-BF4B-00C04F79EFBC}") = "StatePattern", "StatePattern\StatePattern.csproj", "{5F7CAE5F-7DF9-4A61-9E74-4BA606A1FE5D}"
EndProject
Global
	GlobalSection(SolutionConfigurationPlatforms) = preSolution
		Debug|Any CPU = Debug|Any CPU
		Release|Any CPU = Release|Any CPU
	EndGlobalSection
	GlobalSection(ProjectConfigurationPlatforms) = postSolution
		{5F7CAE5F-7DF9-4A61-9E74-4BA606A1FE5D}.Debug|Any CPU.ActiveCfg = Debug|Any CPU
		{5F7CAE5F-7DF9-4A61-9E74-4BA606A1FE5D}.Debug|Any CPU.Build.0 = Debug|Any CPU
		{5F7CAE5F-7DF9-4A61-9E74-4BA606A1FE5D}.Release|Any CPU.ActiveCfg = Release|Any CPU
		{5F7CAE5F-7DF9-4A61-9E74-4BA606A1FE5D}.Release|Any CPU.Build.0 = Release|Any CPU
	EndGlobalSection
	GlobalSection(SolutionProperties) = preSolution
		HideSolutionNode = FALSE
	EndGlobalSection
	GlobalSection(ExtensibilityGlobals) = postSolution
		SolutionGuid = {4F147668-9C68-41C2-8400-02597C01E84D}
	EndGlobalSection
EndGlobal
